
Microsoft Visual Studio Solution File, Format Version 12.00
# Visual Studio Version 16
VisualStudioVersion = 16.0.28803.202
MinimumVisualStudioVersion = 10.0.40219.1
Project("{FAE04EC0-301F-11D3-BF4B-00C04F79EFBC}") = "CreditCardEngine", "CreditCardEngine\CreditCardEngine.csproj", "{BC61DA35-40B1-4DCA-AE69-D60473C8D0AF}"
EndProject
Project("{FAE04EC0-301F-11D3-BF4B-00C04F79EFBC}") = "CreditCardEngine.Test", "CreditCardEngine.Test\CreditCardEngine.Test.csproj", "{6F9550BC-4329-48EE-8E49-B591122251DD}"
EndProject
Global
	GlobalSection(SolutionConfigurationPlatforms) = preSolution
		Debug|Any CPU = Debug|Any CPU
		Release|Any CPU = Release|Any CPU
	EndGlobalSection
	GlobalSection(ProjectConfigurationPlatforms) = postSolution
		{BC61DA35-40B1-4DCA-AE69-D60473C8D0AF}.Debug|Any CPU.ActiveCfg = Debug|Any CPU
		{BC61DA35-40B1-4DCA-AE69-D60473C8D0AF}.Debug|Any CPU.Build.0 = Debug|Any CPU
		{BC61DA35-40B1-4DCA-AE69-D60473C8D0AF}.Release|Any CPU.ActiveCfg = Release|Any CPU
		{BC61DA35-40B1-4DCA-AE69-D60473C8D0AF}.Release|Any CPU.Build.0 = Release|Any CPU
		{6F9550BC-4329-48EE-8E49-B591122251DD}.Debug|Any CPU.ActiveCfg = Debug|Any CPU
		{6F9550BC-4329-48EE-8E49-B591122251DD}.Debug|Any CPU.Build.0 = Debug|Any CPU
		{6F9550BC-4329-48EE-8E49-B591122251DD}.Release|Any CPU.ActiveCfg = Release|Any CPU
		{6F9550BC-4329-48EE-8E49-B591122251DD}.Release|Any CPU.Build.0 = Release|Any CPU
	EndGlobalSection
	GlobalSection(SolutionProperties) = preSolution
		HideSolutionNode = FALSE
	EndGlobalSection
	GlobalSection(ExtensibilityGlobals) = postSolution
		SolutionGuid = {2A797628-BE55-45C4-9163-7883CB7A62CB}
	EndGlobalSection
EndGlobal
