
Microsoft Visual Studio Solution File, Format Version 12.00
# Visual Studio Version 16
VisualStudioVersion = 16.0.28803.202
MinimumVisualStudioVersion = 10.0.40219.1
Project("{FAE04EC0-301F-11D3-BF4B-00C04F79EFBC}") = "CustomerCreditEngine", "CustomerCreditEngine\CustomerCreditEngine.csproj", "{7EE5B085-4C0D-469D-9D53-06840A85A9A8}"
EndProject
Project("{FAE04EC0-301F-11D3-BF4B-00C04F79EFBC}") = "CreditCardEngine", "..\CreditCardEngine\CreditCardEngine\CreditCardEngine.csproj", "{BC61DA35-40B1-4DCA-AE69-D60473C8D0AF}"
EndProject
Project("{FAE04EC0-301F-11D3-BF4B-00C04F79EFBC}") = "CustomerCreditEngine.Test", "CustomerCreditEngine.Test\CustomerCreditEngine.Test.csproj", "{5CB441E1-E8ED-4D98-8EC9-8852F78A8B16}"
EndProject
Global
	GlobalSection(SolutionConfigurationPlatforms) = preSolution
		Debug|Any CPU = Debug|Any CPU
		Release|Any CPU = Release|Any CPU
	EndGlobalSection
	GlobalSection(ProjectConfigurationPlatforms) = postSolution
		{7EE5B085-4C0D-469D-9D53-06840A85A9A8}.Debug|Any CPU.ActiveCfg = Debug|Any CPU
		{7EE5B085-4C0D-469D-9D53-06840A85A9A8}.Debug|Any CPU.Build.0 = Debug|Any CPU
		{7EE5B085-4C0D-469D-9D53-06840A85A9A8}.Release|Any CPU.ActiveCfg = Release|Any CPU
		{7EE5B085-4C0D-469D-9D53-06840A85A9A8}.Release|Any CPU.Build.0 = Release|Any CPU
		{BC61DA35-40B1-4DCA-AE69-D60473C8D0AF}.Debug|Any CPU.ActiveCfg = Debug|Any CPU
		{BC61DA35-40B1-4DCA-AE69-D60473C8D0AF}.Debug|Any CPU.Build.0 = Debug|Any CPU
		{BC61DA35-40B1-4DCA-AE69-D60473C8D0AF}.Release|Any CPU.ActiveCfg = Release|Any CPU
		{BC61DA35-40B1-4DCA-AE69-D60473C8D0AF}.Release|Any CPU.Build.0 = Release|Any CPU
		{5CB441E1-E8ED-4D98-8EC9-8852F78A8B16}.Debug|Any CPU.ActiveCfg = Debug|Any CPU
		{5CB441E1-E8ED-4D98-8EC9-8852F78A8B16}.Debug|Any CPU.Build.0 = Debug|Any CPU
		{5CB441E1-E8ED-4D98-8EC9-8852F78A8B16}.Release|Any CPU.ActiveCfg = Release|Any CPU
		{5CB441E1-E8ED-4D98-8EC9-8852F78A8B16}.Release|Any CPU.Build.0 = Release|Any CPU
	EndGlobalSection
	GlobalSection(SolutionProperties) = preSolution
		HideSolutionNode = FALSE
	EndGlobalSection
	GlobalSection(ExtensibilityGlobals) = postSolution
		SolutionGuid = {F4AFF5C2-F4D4-4DB0-BBE9-D41D76783643}
	EndGlobalSection
EndGlobal
